// !$*UTF8*$!
{
	archiveVersion = 1;
	classes = {
	};
	objectVersion = 77;
	objects = {

/* Begin PBXBuildFile section */
		8A517C762E16C614000F4779 /* BB25_3D_Assets in Frameworks */ = {isa = PBXBuildFile; productRef = 8A517C752E16C614000F4779 /* BB25_3D_Assets */; };
/* End PBXBuildFile section */

/* Begin PBXContainerItemProxy section */
		8A517C582E16BCCB000F4779 /* PBXContainerItemProxy */ = {
			isa = PBXContainerItemProxy;
			containerPortal = 8A517C3F2E16BCC9000F4779 /* Project object */;
			proxyType = 1;
			remoteGlobalIDString = 8A517C462E16BCC9000F4779;
			remoteInfo = BB25;
		};
		8A517C622E16BCCB000F4779 /* PBXContainerItemProxy */ = {
			isa = PBXContainerItemProxy;
			containerPortal = 8A517C3F2E16BCC9000F4779 /* Project object */;
			proxyType = 1;
			remoteGlobalIDString = 8A517C462E16BCC9000F4779;
			remoteInfo = BB25;
		};
/* End PBXContainerItemProxy section */

/* Begin PBXFileReference section */
		8A517C472E16BCC9000F4779 /* BB25.app */ = {isa = PBXFileReference; explicitFileType = wrapper.application; includeInIndex = 0; path = BB25.app; sourceTree = BUILT_PRODUCTS_DIR; };
		8A517C572E16BCCB000F4779 /* BB25Tests.xctest */ = {isa = PBXFileReference; explicitFileType = wrapper.cfbundle; includeInIndex = 0; path = BB25Tests.xctest; sourceTree = BUILT_PRODUCTS_DIR; };
		8A517C612E16BCCB000F4779 /* BB25UITests.xctest */ = {isa = PBXFileReference; explicitFileType = wrapper.cfbundle; includeInIndex = 0; path = BB25UITests.xctest; sourceTree = BUILT_PRODUCTS_DIR; };
/* End PBXFileReference section */

/* Begin PBXFileSystemSynchronizedRootGroup section */
		8A517C492E16BCC9000F4779 /* BB25 */ = {
			isa = PBXFileSystemSynchronizedRootGroup;
			path = BB25;
			sourceTree = "<group>";
		};
		8A517C5A2E16BCCB000F4779 /* BB25Tests */ = {
			isa = PBXFileSystemSynchronizedRootGroup;
			path = BB25Tests;
			sourceTree = "<group>";
		};
		8A517C642E16BCCB000F4779 /* BB25UITests */ = {
			isa = PBXFileSystemSynchronizedRootGroup;
			path = BB25UITests;
			sourceTree = "<group>";
		};
		8A5C1FF22E1AED780042CD7F /* URDF */ = {
			isa = PBXFileSystemSynchronizedRootGroup;
			path = URDF;
			sourceTree = "<group>";
		};
/* End PBXFileSystemSynchronizedRootGroup section */

/* Begin PBXFrameworksBuildPhase section */
		8A517C442E16BCC9000F4779 /* Frameworks */ = {
			isa = PBXFrameworksBuildPhase;
			buildActionMask = 2147483647;
			files = (
				8A517C762E16C614000F4779 /* BB25_3D_Assets in Frameworks */,
			);
			runOnlyForDeploymentPostprocessing = 0;
		};
		8A517C542E16BCCB000F4779 /* Frameworks */ = {
			isa = PBXFrameworksBuildPhase;
			buildActionMask = 2147483647;
			files = (
			);
			runOnlyForDeploymentPostprocessing = 0;
		};
		8A517C5E2E16BCCB000F4779 /* Frameworks */ = {
			isa = PBXFrameworksBuildPhase;
			buildActionMask = 2147483647;
			files = (
			);
			runOnlyForDeploymentPostprocessing = 0;
		};
/* End PBXFrameworksBuildPhase section */

/* Begin PBXGroup section */
		8A517C3E2E16BCC9000F4779 = {
			isa = PBXGroup;
			children = (
				8A5C1FF22E1AED780042CD7F /* URDF */,
				8A517C492E16BCC9000F4779 /* BB25 */,
				8A517C5A2E16BCCB000F4779 /* BB25Tests */,
				8A517C642E16BCCB000F4779 /* BB25UITests */,
				8A517C482E16BCC9000F4779 /* Products */,
			);
			sourceTree = "<group>";
		};
		8A517C482E16BCC9000F4779 /* Products */ = {
			isa = PBXGroup;
			children = (
				8A517C472E16BCC9000F4779 /* BB25.app */,
				8A517C572E16BCCB000F4779 /* BB25Tests.xctest */,
				8A517C612E16BCCB000F4779 /* BB25UITests.xctest */,
			);
			name = Products;
			sourceTree = "<group>";
		};
/* End PBXGroup section */

/* Begin PBXNativeTarget section */
		8A517C462E16BCC9000F4779 /* BB25 */ = {
			isa = PBXNativeTarget;
			buildConfigurationList = 8A517C6B2E16BCCB000F4779 /* Build configuration list for PBXNativeTarget "BB25" */;
			buildPhases = (
				8A517C432E16BCC9000F4779 /* Sources */,
				8A517C442E16BCC9000F4779 /* Frameworks */,
				8A517C452E16BCC9000F4779 /* Resources */,
			);
			buildRules = (
			);
			dependencies = (
			);
			fileSystemSynchronizedGroups = (
				8A517C492E16BCC9000F4779 /* BB25 */,
				8A5C1FF22E1AED780042CD7F /* URDF */,
			);
			name = BB25;
			packageProductDependencies = (
				8A517C752E16C614000F4779 /* BB25_3D_Assets */,
			);
			productName = BB25;
			productReference = 8A517C472E16BCC9000F4779 /* BB25.app */;
			productType = "com.apple.product-type.application";
		};
		8A517C562E16BCCB000F4779 /* BB25Tests */ = {
			isa = PBXNativeTarget;
			buildConfigurationList = 8A517C6E2E16BCCB000F4779 /* Build configuration list for PBXNativeTarget "BB25Tests" */;
			buildPhases = (
				8A517C532E16BCCB000F4779 /* Sources */,
				8A517C542E16BCCB000F4779 /* Frameworks */,
				8A517C552E16BCCB000F4779 /* Resources */,
			);
			buildRules = (
			);
			dependencies = (
				8A517C592E16BCCB000F4779 /* PBXTargetDependency */,
			);
			fileSystemSynchronizedGroups = (
				8A517C5A2E16BCCB000F4779 /* BB25Tests */,
			);
			name = BB25Tests;
			packageProductDependencies = (
			);
			productName = BB25Tests;
			productReference = 8A517C572E16BCCB000F4779 /* BB25Tests.xctest */;
			productType = "com.apple.product-type.bundle.unit-test";
		};
		8A517C602E16BCCB000F4779 /* BB25UITests */ = {
			isa = PBXNativeTarget;
			buildConfigurationList = 8A517C712E16BCCB000F4779 /* Build configuration list for PBXNativeTarget "BB25UITests" */;
			buildPhases = (
				8A517C5D2E16BCCB000F4779 /* Sources */,
				8A517C5E2E16BCCB000F4779 /* Frameworks */,
				8A517C5F2E16BCCB000F4779 /* Resources */,
			);
			buildRules = (
			);
			dependencies = (
				8A517C632E16BCCB000F4779 /* PBXTargetDependency */,
			);
			fileSystemSynchronizedGroups = (
				8A517C642E16BCCB000F4779 /* BB25UITests */,
			);
			name = BB25UITests;
			packageProductDependencies = (
			);
			productName = BB25UITests;
			productReference = 8A517C612E16BCCB000F4779 /* BB25UITests.xctest */;
			productType = "com.apple.product-type.bundle.ui-testing";
		};
/* End PBXNativeTarget section */

/* Begin PBXProject section */
		8A517C3F2E16BCC9000F4779 /* Project object */ = {
			isa = PBXProject;
			attributes = {
				BuildIndependentTargetsInParallel = 1;
				LastSwiftUpdateCheck = 1620;
				LastUpgradeCheck = 1620;
				TargetAttributes = {
					8A517C462E16BCC9000F4779 = {
						CreatedOnToolsVersion = 16.2;
					};
					8A517C562E16BCCB000F4779 = {
						CreatedOnToolsVersion = 16.2;
						TestTargetID = 8A517C462E16BCC9000F4779;
					};
					8A517C602E16BCCB000F4779 = {
						CreatedOnToolsVersion = 16.2;
						TestTargetID = 8A517C462E16BCC9000F4779;
					};
				};
			};
			buildConfigurationList = 8A517C422E16BCC9000F4779 /* Build configuration list for PBXProject "BB25" */;
			developmentRegion = en;
			hasScannedForEncodings = 0;
			knownRegions = (
				en,
				Base,
			);
			mainGroup = 8A517C3E2E16BCC9000F4779;
			minimizedProjectReferenceProxies = 1;
			packageReferences = (
				8A517C742E16C614000F4779 /* XCLocalSwiftPackageReference "../BB25_3D_Assets" */,
			);
			preferredProjectObjectVersion = 77;
			productRefGroup = 8A517C482E16BCC9000F4779 /* Products */;
			projectDirPath = "";
			projectRoot = "";
			targets = (
				8A517C462E16BCC9000F4779 /* BB25 */,
				8A517C562E16BCCB000F4779 /* BB25Tests */,
				8A517C602E16BCCB000F4779 /* BB25UITests */,
			);
		};
/* End PBXProject section */

/* Begin PBXResourcesBuildPhase section */
		8A517C452E16BCC9000F4779 /* Resources */ = {
			isa = PBXResourcesBuildPhase;
			buildActionMask = 2147483647;
			files = (
			);
			runOnlyForDeploymentPostprocessing = 0;
		};
		8A517C552E16BCCB000F4779 /* Resources */ = {
			isa = PBXResourcesBuildPhase;
			buildActionMask = 2147483647;
			files = (
			);
			runOnlyForDeploymentPostprocessing = 0;
		};
		8A517C5F2E16BCCB000F4779 /* Resources */ = {
			isa = PBXResourcesBuildPhase;
			buildActionMask = 2147483647;
			files = (
			);
			runOnlyForDeploymentPostprocessing = 0;
		};
/* End PBXResourcesBuildPhase section */

/* Begin PBXSourcesBuildPhase section */
		8A517C432E16BCC9000F4779 /* Sources */ = {
			isa = PBXSourcesBuildPhase;
			buildActionMask = 2147483647;
			files = (
			);
			runOnlyForDeploymentPostprocessing = 0;
		};
		8A517C532E16BCCB000F4779 /* Sources */ = {
			isa = PBXSourcesBuildPhase;
			buildActionMask = 2147483647;
			files = (
			);
			runOnlyForDeploymentPostprocessing = 0;
		};
		8A517C5D2E16BCCB000F4779 /* Sources */ = {
			isa = PBXSourcesBuildPhase;
			buildActionMask = 2147483647;
			files = (
			);
			runOnlyForDeploymentPostprocessing = 0;
		};
/* End PBXSourcesBuildPhase section */

/* Begin PBXTargetDependency section */
		8A517C592E16BCCB000F4779 /* PBXTargetDependency */ = {
			isa = PBXTargetDependency;
			target = 8A517C462E16BCC9000F4779 /* BB25 */;
			targetProxy = 8A517C582E16BCCB000F4779 /* PBXContainerItemProxy */;
		};
		8A517C632E16BCCB000F4779 /* PBXTargetDependency */ = {
			isa = PBXTargetDependency;
			target = 8A517C462E16BCC9000F4779 /* BB25 */;
			targetProxy = 8A517C622E16BCCB000F4779 /* PBXContainerItemProxy */;
		};
/* End PBXTargetDependency section */

/* Begin XCBuildConfiguration section */
		8A517C692E16BCCB000F4779 /* Debug */ = {
			isa = XCBuildConfiguration;
			buildSettings = {
				ALWAYS_SEARCH_USER_PATHS = NO;
				ASSETCATALOG_COMPILER_GENERATE_SWIFT_ASSET_SYMBOL_EXTENSIONS = YES;
				CLANG_ANALYZER_NONNULL = YES;
				CLANG_ANALYZER_NUMBER_OBJECT_CONVERSION = YES_AGGRESSIVE;
				CLANG_CXX_LANGUAGE_STANDARD = "gnu++20";
				CLANG_ENABLE_MODULES = YES;
				CLANG_ENABLE_OBJC_ARC = YES;
				CLANG_ENABLE_OBJC_WEAK = YES;
				CLANG_WARN_BLOCK_CAPTURE_AUTORELEASING = YES;
				CLANG_WARN_BOOL_CONVERSION = YES;
				CLANG_WARN_COMMA = YES;
				CLANG_WARN_CONSTANT_CONVERSION = YES;
				CLANG_WARN_DEPRECATED_OBJC_IMPLEMENTATIONS = YES;
				CLANG_WARN_DIRECT_OBJC_ISA_USAGE = YES_ERROR;
				CLANG_WARN_DOCUMENTATION_COMMENTS = YES;
				CLANG_WARN_EMPTY_BODY = YES;
				CLANG_WARN_ENUM_CONVERSION = YES;
				CLANG_WARN_INFINITE_RECURSION = YES;
				CLANG_WARN_INT_CONVERSION = YES;
				CLANG_WARN_NON_LITERAL_NULL_CONVERSION = YES;
				CLANG_WARN_OBJC_IMPLICIT_RETAIN_SELF = YES;
				CLANG_WARN_OBJC_LITERAL_CONVERSION = YES;
				CLANG_WARN_OBJC_ROOT_CLASS = YES_ERROR;
				CLANG_WARN_QUOTED_INCLUDE_IN_FRAMEWORK_HEADER = YES;
				CLANG_WARN_RANGE_LOOP_ANALYSIS = YES;
				CLANG_WARN_STRICT_PROTOTYPES = YES;
				CLANG_WARN_SUSPICIOUS_MOVE = YES;
				CLANG_WARN_UNGUARDED_AVAILABILITY = YES_AGGRESSIVE;
				CLANG_WARN_UNREACHABLE_CODE = YES;
				CLANG_WARN__DUPLICATE_METHOD_MATCH = YES;
				COPY_PHASE_STRIP = NO;
				DEBUG_INFORMATION_FORMAT = dwarf;
				ENABLE_STRICT_OBJC_MSGSEND = YES;
				ENABLE_TESTABILITY = YES;
				ENABLE_USER_SCRIPT_SANDBOXING = YES;
				GCC_C_LANGUAGE_STANDARD = gnu17;
				GCC_DYNAMIC_NO_PIC = NO;
				GCC_NO_COMMON_BLOCKS = YES;
				GCC_OPTIMIZATION_LEVEL = 0;
				GCC_PREPROCESSOR_DEFINITIONS = (
					"DEBUG=1",
					"$(inherited)",
				);
				GCC_WARN_64_TO_32_BIT_CONVERSION = YES;
				GCC_WARN_ABOUT_RETURN_TYPE = YES_ERROR;
				GCC_WARN_UNDECLARED_SELECTOR = YES;
				GCC_WARN_UNINITIALIZED_AUTOS = YES_AGGRESSIVE;
				GCC_WARN_UNUSED_FUNCTION = YES;
				GCC_WARN_UNUSED_VARIABLE = YES;
				IPHONEOS_DEPLOYMENT_TARGET = 18.2;
				LOCALIZATION_PREFERS_STRING_CATALOGS = YES;
				MTL_ENABLE_DEBUG_INFO = INCLUDE_SOURCE;
				MTL_FAST_MATH = YES;
				ONLY_ACTIVE_ARCH = YES;
				SDKROOT = iphoneos;
				SWIFT_ACTIVE_COMPILATION_CONDITIONS = "DEBUG $(inherited)";
				SWIFT_OPTIMIZATION_LEVEL = "-Onone";
			};
			name = Debug;
		};
		8A517C6A2E16BCCB000F4779 /* Release */ = {
			isa = XCBuildConfiguration;
			buildSettings = {
				ALWAYS_SEARCH_USER_PATHS = NO;
				ASSETCATALOG_COMPILER_GENERATE_SWIFT_ASSET_SYMBOL_EXTENSIONS = YES;
				CLANG_ANALYZER_NONNULL = YES;
				CLANG_ANALYZER_NUMBER_OBJECT_CONVERSION = YES_AGGRESSIVE;
				CLANG_CXX_LANGUAGE_STANDARD = "gnu++20";
				CLANG_ENABLE_MODULES = YES;
				CLANG_ENABLE_OBJC_ARC = YES;
				CLANG_ENABLE_OBJC_WEAK = YES;
				CLANG_WARN_BLOCK_CAPTURE_AUTORELEASING = YES;
				CLANG_WARN_BOOL_CONVERSION = YES;
				CLANG_WARN_COMMA = YES;
				CLANG_WARN_CONSTANT_CONVERSION = YES;
				CLANG_WARN_DEPRECATED_OBJC_IMPLEMENTATIONS = YES;
				CLANG_WARN_DIRECT_OBJC_ISA_USAGE = YES_ERROR;
				CLANG_WARN_DOCUMENTATION_COMMENTS = YES;
				CLANG_WARN_EMPTY_BODY = YES;
				CLANG_WARN_ENUM_CONVERSION = YES;
				CLANG_WARN_INFINITE_RECURSION = YES;
				CLANG_WARN_INT_CONVERSION = YES;
				CLANG_WARN_NON_LITERAL_NULL_CONVERSION = YES;
				CLANG_WARN_OBJC_IMPLICIT_RETAIN_SELF = YES;
				CLANG_WARN_OBJC_LITERAL_CONVERSION = YES;
				CLANG_WARN_OBJC_ROOT_CLASS = YES_ERROR;
				CLANG_WARN_QUOTED_INCLUDE_IN_FRAMEWORK_HEADER = YES;
				CLANG_WARN_RANGE_LOOP_ANALYSIS = YES;
				CLANG_WARN_STRICT_PROTOTYPES = YES;
				CLANG_WARN_SUSPICIOUS_MOVE = YES;
				CLANG_WARN_UNGUARDED_AVAILABILITY = YES_AGGRESSIVE;
				CLANG_WARN_UNREACHABLE_CODE = YES;
				CLANG_WARN__DUPLICATE_METHOD_MATCH = YES;
				COPY_PHASE_STRIP = NO;
				DEBUG_INFORMATION_FORMAT = "dwarf-with-dsym";
				ENABLE_NS_ASSERTIONS = NO;
				ENABLE_STRICT_OBJC_MSGSEND = YES;
				ENABLE_USER_SCRIPT_SANDBOXING = YES;
				GCC_C_LANGUAGE_STANDARD = gnu17;
				GCC_NO_COMMON_BLOCKS = YES;
				GCC_WARN_64_TO_32_BIT_CONVERSION = YES;
				GCC_WARN_ABOUT_RETURN_TYPE = YES_ERROR;
				GCC_WARN_UNDECLARED_SELECTOR = YES;
				GCC_WARN_UNINITIALIZED_AUTOS = YES_AGGRESSIVE;
				GCC_WARN_UNUSED_FUNCTION = YES;
				GCC_WARN_UNUSED_VARIABLE = YES;
				IPHONEOS_DEPLOYMENT_TARGET = 18.2;
				LOCALIZATION_PREFERS_STRING_CATALOGS = YES;
				MTL_ENABLE_DEBUG_INFO = NO;
				MTL_FAST_MATH = YES;
				SDKROOT = iphoneos;
				SWIFT_COMPILATION_MODE = wholemodule;
				VALIDATE_PRODUCT = YES;
			};
			name = Release;
		};
		8A517C6C2E16BCCB000F4779 /* Debug */ = {
			isa = XCBuildConfiguration;
			buildSettings = {
				ASSETCATALOG_COMPILER_APPICON_NAME = AppIcon;
				ASSETCATALOG_COMPILER_GLOBAL_ACCENT_COLOR_NAME = AccentColor;
				CODE_SIGN_STYLE = Automatic;
				CURRENT_PROJECT_VERSION = 1;
				DEVELOPMENT_ASSET_PATHS = "\"BB25/Preview Content\"";
				DEVELOPMENT_TEAM = 59VPT4KMHW;
				ENABLE_PREVIEWS = YES;
				GENERATE_INFOPLIST_FILE = YES;
				INFOPLIST_KEY_NSCameraUsageDescription = "Camera is used to render an augmented reality view";
				INFOPLIST_KEY_UIApplicationSceneManifest_Generation = YES;
				INFOPLIST_KEY_UIApplicationSupportsIndirectInputEvents = YES;
				INFOPLIST_KEY_UILaunchScreen_Generation = YES;
				INFOPLIST_KEY_UISupportedInterfaceOrientations_iPad = "UIInterfaceOrientationPortrait UIInterfaceOrientationPortraitUpsideDown UIInterfaceOrientationLandscapeLeft UIInterfaceOrientationLandscapeRight";
				INFOPLIST_KEY_UISupportedInterfaceOrientations_iPhone = "UIInterfaceOrientationPortrait UIInterfaceOrientationLandscapeLeft UIInterfaceOrientationLandscapeRight";
				LD_RUNPATH_SEARCH_PATHS = (
					"$(inherited)",
					"@executable_path/Frameworks",
				);
				MARKETING_VERSION = 1.0;
				PRODUCT_BUNDLE_IDENTIFIER = "com.dc-engineer.BB25";
				PRODUCT_NAME = "$(TARGET_NAME)";
				SWIFT_EMIT_LOC_STRINGS = YES;
				SWIFT_VERSION = 5.0;
				TARGETED_DEVICE_FAMILY = "1,2";
			};
			name = Debug;
		};
		8A517C6D2E16BCCB000F4779 /* Release */ = {
			isa = XCBuildConfiguration;
			buildSettings = {
				ASSETCATALOG_COMPILER_APPICON_NAME = AppIcon;
				ASSETCATALOG_COMPILER_GLOBAL_ACCENT_COLOR_NAME = AccentColor;
				CODE_SIGN_STYLE = Automatic;
				CURRENT_PROJECT_VERSION = 1;
				DEVELOPMENT_ASSET_PATHS = "\"BB25/Preview Content\"";
				DEVELOPMENT_TEAM = 59VPT4KMHW;
				ENABLE_PREVIEWS = YES;
				GENERATE_INFOPLIST_FILE = YES;
				INFOPLIST_KEY_NSCameraUsageDescription = "Camera is used to render an augmented reality view";
				INFOPLIST_KEY_UIApplicationSceneManifest_Generation = YES;
				INFOPLIST_KEY_UIApplicationSupportsIndirectInputEvents = YES;
				INFOPLIST_KEY_UILaunchScreen_Generation = YES;
				INFOPLIST_KEY_UISupportedInterfaceOrientations_iPad = "UIInterfaceOrientationPortrait UIInterfaceOrientationPortraitUpsideDown UIInterfaceOrientationLandscapeLeft UIInterfaceOrientationLandscapeRight";
				INFOPLIST_KEY_UISupportedInterfaceOrientations_iPhone = "UIInterfaceOrientationPortrait UIInterfaceOrientationLandscapeLeft UIInterfaceOrientationLandscapeRight";
				LD_RUNPATH_SEARCH_PATHS = (
					"$(inherited)",
					"@executable_path/Frameworks",
				);
				MARKETING_VERSION = 1.0;
				PRODUCT_BUNDLE_IDENTIFIER = "com.dc-engineer.BB25";
				PRODUCT_NAME = "$(TARGET_NAME)";
				SWIFT_EMIT_LOC_STRINGS = YES;
				SWIFT_VERSION = 5.0;
				TARGETED_DEVICE_FAMILY = "1,2";
			};
			name = Release;
		};
		8A517C6F2E16BCCB000F4779 /* Debug */ = {
			isa = XCBuildConfiguration;
			buildSettings = {
				BUNDLE_LOADER = "$(TEST_HOST)";
				CODE_SIGN_STYLE = Automatic;
				CURRENT_PROJECT_VERSION = 1;
				DEVELOPMENT_TEAM = 59VPT4KMHW;
				GENERATE_INFOPLIST_FILE = YES;
				IPHONEOS_DEPLOYMENT_TARGET = 18.2;
				MARKETING_VERSION = 1.0;
				PRODUCT_BUNDLE_IDENTIFIER = "com.dc-engineer.BB25Tests";
				PRODUCT_NAME = "$(TARGET_NAME)";
				SWIFT_EMIT_LOC_STRINGS = NO;
				SWIFT_VERSION = 5.0;
				TARGETED_DEVICE_FAMILY = "1,2";
				TEST_HOST = "$(BUILT_PRODUCTS_DIR)/BB25.app/$(BUNDLE_EXECUTABLE_FOLDER_PATH)/BB25";
			};
			name = Debug;
		};
		8A517C702E16BCCB000F4779 /* Release */ = {
			isa = XCBuildConfiguration;
			buildSettings = {
				BUNDLE_LOADER = "$(TEST_HOST)";
				CODE_SIGN_STYLE = Automatic;
				CURRENT_PROJECT_VERSION = 1;
				DEVELOPMENT_TEAM = 59VPT4KMHW;
				GENERATE_INFOPLIST_FILE = YES;
				IPHONEOS_DEPLOYMENT_TARGET = 18.2;
				MARKETING_VERSION = 1.0;
				PRODUCT_BUNDLE_IDENTIFIER = "com.dc-engineer.BB25Tests";
				PRODUCT_NAME = "$(TARGET_NAME)";
				SWIFT_EMIT_LOC_STRINGS = NO;
				SWIFT_VERSION = 5.0;
				TARGETED_DEVICE_FAMILY = "1,2";
				TEST_HOST = "$(BUILT_PRODUCTS_DIR)/BB25.app/$(BUNDLE_EXECUTABLE_FOLDER_PATH)/BB25";
			};
			name = Release;
		};
		8A517C722E16BCCB000F4779 /* Debug */ = {
			isa = XCBuildConfiguration;
			buildSettings = {
				CODE_SIGN_STYLE = Automatic;
				CURRENT_PROJECT_VERSION = 1;
				DEVELOPMENT_TEAM = 59VPT4KMHW;
				GENERATE_INFOPLIST_FILE = YES;
				MARKETING_VERSION = 1.0;
				PRODUCT_BUNDLE_IDENTIFIER = "com.dc-engineer.BB25UITests";
				PRODUCT_NAME = "$(TARGET_NAME)";
				SWIFT_EMIT_LOC_STRINGS = NO;
				SWIFT_VERSION = 5.0;
				TARGETED_DEVICE_FAMILY = "1,2";
				TEST_TARGET_NAME = BB25;
			};
			name = Debug;
		};
		8A517C732E16BCCB000F4779 /* Release */ = {
			isa = XCBuildConfiguration;
			buildSettings = {
				CODE_SIGN_STYLE = Automatic;
				CURRENT_PROJECT_VERSION = 1;
				DEVELOPMENT_TEAM = 59VPT4KMHW;
				GENERATE_INFOPLIST_FILE = YES;
				MARKETING_VERSION = 1.0;
				PRODUCT_BUNDLE_IDENTIFIER = "com.dc-engineer.BB25UITests";
				PRODUCT_NAME = "$(TARGET_NAME)";
				SWIFT_EMIT_LOC_STRINGS = NO;
				SWIFT_VERSION = 5.0;
				TARGETED_DEVICE_FAMILY = "1,2";
				TEST_TARGET_NAME = BB25;
			};
			name = Release;
		};
/* End XCBuildConfiguration section */

/* Begin XCConfigurationList section */
		8A517C422E16BCC9000F4779 /* Build configuration list for PBXProject "BB25" */ = {
			isa = XCConfigurationList;
			buildConfigurations = (
				8A517C692E16BCCB000F4779 /* Debug */,
				8A517C6A2E16BCCB000F4779 /* Release */,
			);
			defaultConfigurationIsVisible = 0;
			defaultConfigurationName = Release;
		};
		8A517C6B2E16BCCB000F4779 /* Build configuration list for PBXNativeTarget "BB25" */ = {
			isa = XCConfigurationList;
			buildConfigurations = (
				8A517C6C2E16BCCB000F4779 /* Debug */,
				8A517C6D2E16BCCB000F4779 /* Release */,
			);
			defaultConfigurationIsVisible = 0;
			defaultConfigurationName = Release;
		};
		8A517C6E2E16BCCB000F4779 /* Build configuration list for PBXNativeTarget "BB25Tests" */ = {
			isa = XCConfigurationList;
			buildConfigurations = (
				8A517C6F2E16BCCB000F4779 /* Debug */,
				8A517C702E16BCCB000F4779 /* Release */,
			);
			defaultConfigurationIsVisible = 0;
			defaultConfigurationName = Release;
		};
		8A517C712E16BCCB000F4779 /* Build configuration list for PBXNativeTarget "BB25UITests" */ = {
			isa = XCConfigurationList;
			buildConfigurations = (
				8A517C722E16BCCB000F4779 /* Debug */,
				8A517C732E16BCCB000F4779 /* Release */,
			);
			defaultConfigurationIsVisible = 0;
			defaultConfigurationName = Release;
		};
/* End XCConfigurationList section */

/* Begin XCLocalSwiftPackageReference section */
		8A517C742E16C614000F4779 /* XCLocalSwiftPackageReference "../BB25_3D_Assets" */ = {
			isa = XCLocalSwiftPackageReference;
			relativePath = ../BB25_3D_Assets;
		};
/* End XCLocalSwiftPackageReference section */

/* Begin XCSwiftPackageProductDependency section */
		8A517C752E16C614000F4779 /* BB25_3D_Assets */ = {
			isa = XCSwiftPackageProductDependency;
			productName = BB25_3D_Assets;
		};
/* End XCSwiftPackageProductDependency section */
	};
	rootObject = 8A517C3F2E16BCC9000F4779 /* Project object */;
}
